{
  "originHash" : "723241c9893514897b4fdbae29cbb3f3b5fde13d70bf832c66703f97155c596a",
  "pins" : [
    {
      "identity" : "kingfisher",
      "kind" : "remoteSourceControl",
      "location" : "https://github.com/onevcat/Kingfisher",
      "state" : {
        "revision" : "4d75de347da985a70c63af4d799ed482021f6733",
        "version" : "8.6.1"
      }
    },
    {
      "identity" : "pokemonapi",
      "kind" : "remoteSourceControl",
      "location" : "https://github.com/kinkofer/PokemonAPI",
      "state" : {
        "revision" : "d9fa1d298e986105d9f0195095fdeadbbb5bc361",
        "version" : "7.0.3"
      }
    }
  ],
  "version" : 3
}
